// !$*UTF8*$!
{
	archiveVersion = 1;
	classes = {
	};
	objectVersion = 55;
	objects = {

/* Begin PBXBuildFile section */
		DAB8266C2819041100A8AB34 /* AppDelegate.swift in Sources */ = {isa = PBXBuildFile; fileRef = DAB8266B2819041100A8AB34 /* AppDelegate.swift */; };
		DAB8266E2819041100A8AB34 /* SceneDelegate.swift in Sources */ = {isa = PBXBuildFile; fileRef = DAB8266D2819041100A8AB34 /* SceneDelegate.swift */; };
		DAB826702819041100A8AB34 /* ViewController.swift in Sources */ = {isa = PBXBuildFile; fileRef = DAB8266F2819041100A8AB34 /* ViewController.swift */; };
		DAB826732819041100A8AB34 /* Main.storyboard in Resources */ = {isa = PBXBuildFile; fileRef = DAB826712819041100A8AB34 /* Main.storyboard */; };
		DAB826752819041500A8AB34 /* Assets.xcassets in Resources */ = {isa = PBXBuildFile; fileRef = DAB826742819041500A8AB34 /* Assets.xcassets */; };
		DAB826782819041500A8AB34 /* LaunchScreen.storyboard in Resources */ = {isa = PBXBuildFile; fileRef = DAB826762819041500A8AB34 /* LaunchScreen.storyboard */; };
		DAB826832819041600A8AB34 /* BLETest2Tests.swift in Sources */ = {isa = PBXBuildFile; fileRef = DAB826822819041600A8AB34 /* BLETest2Tests.swift */; };
		DAB8268D2819041600A8AB34 /* BLETest2UITests.swift in Sources */ = {isa = PBXBuildFile; fileRef = DAB8268C2819041600A8AB34 /* BLETest2UITests.swift */; };
		DAB8268F2819041600A8AB34 /* BLETest2UITestsLaunchTests.swift in Sources */ = {isa = PBXBuildFile; fileRef = DAB8268E2819041600A8AB34 /* BLETest2UITestsLaunchTests.swift */; };
/* End PBXBuildFile section */

/* Begin PBXContainerItemProxy section */
		DAB8267F2819041600A8AB34 /* PBXContainerItemProxy */ = {
			isa = PBXContainerItemProxy;
			containerPortal = DAB826602819041100A8AB34 /* Project object */;
			proxyType = 1;
			remoteGlobalIDString = DAB826672819041100A8AB34;
			remoteInfo = BLETest2;
		};
		DAB826892819041600A8AB34 /* PBXContainerItemProxy */ = {
			isa = PBXContainerItemProxy;
			containerPortal = DAB826602819041100A8AB34 /* Project object */;
			proxyType = 1;
			remoteGlobalIDString = DAB826672819041100A8AB34;
			remoteInfo = BLETest2;
		};
/* End PBXContainerItemProxy section */

/* Begin PBXFileReference section */
		DAB826682819041100A8AB34 /* BLETest2.app */ = {isa = PBXFileReference; explicitFileType = wrapper.application; includeInIndex = 0; path = BLETest2.app; sourceTree = BUILT_PRODUCTS_DIR; };
		DAB8266B2819041100A8AB34 /* AppDelegate.swift */ = {isa = PBXFileReference; lastKnownFileType = sourcecode.swift; path = AppDelegate.swift; sourceTree = "<group>"; };
		DAB8266D2819041100A8AB34 /* SceneDelegate.swift */ = {isa = PBXFileReference; lastKnownFileType = sourcecode.swift; path = SceneDelegate.swift; sourceTree = "<group>"; };
		DAB8266F2819041100A8AB34 /* ViewController.swift */ = {isa = PBXFileReference; lastKnownFileType = sourcecode.swift; path = ViewController.swift; sourceTree = "<group>"; };
		DAB826722819041100A8AB34 /* Base */ = {isa = PBXFileReference; lastKnownFileType = file.storyboard; name = Base; path = Base.lproj/Main.storyboard; sourceTree = "<group>"; };
		DAB826742819041500A8AB34 /* Assets.xcassets */ = {isa = PBXFileReference; lastKnownFileType = folder.assetcatalog; path = Assets.xcassets; sourceTree = "<group>"; };
		DAB826772819041500A8AB34 /* Base */ = {isa = PBXFileReference; lastKnownFileType = file.storyboard; name = Base; path = Base.lproj/LaunchScreen.storyboard; sourceTree = "<group>"; };
		DAB826792819041500A8AB34 /* Info.plist */ = {isa = PBXFileReference; lastKnownFileType = text.plist.xml; path = Info.plist; sourceTree = "<group>"; };
		DAB8267E2819041600A8AB34 /* BLETest2Tests.xctest */ = {isa = PBXFileReference; explicitFileType = wrapper.cfbundle; includeInIndex = 0; path = BLETest2Tests.xctest; sourceTree = BUILT_PRODUCTS_DIR; };
		DAB826822819041600A8AB34 /* BLETest2Tests.swift */ = {isa = PBXFileReference; lastKnownFileType = sourcecode.swift; path = BLETest2Tests.swift; sourceTree = "<group>"; };
		DAB826882819041600A8AB34 /* BLETest2UITests.xctest */ = {isa = PBXFileReference; explicitFileType = wrapper.cfbundle; includeInIndex = 0; path = BLETest2UITests.xctest; sourceTree = BUILT_PRODUCTS_DIR; };
		DAB8268C2819041600A8AB34 /* BLETest2UITests.swift */ = {isa = PBXFileReference; lastKnownFileType = sourcecode.swift; path = BLETest2UITests.swift; sourceTree = "<group>"; };
		DAB8268E2819041600A8AB34 /* BLETest2UITestsLaunchTests.swift */ = {isa = PBXFileReference; lastKnownFileType = sourcecode.swift; path = BLETest2UITestsLaunchTests.swift; sourceTree = "<group>"; };
/* End PBXFileReference section */

/* Begin PBXFrameworksBuildPhase section */
		DAB826652819041100A8AB34 /* Frameworks */ = {
			isa = PBXFrameworksBuildPhase;
			buildActionMask = 2147483647;
			files = (
			);
			runOnlyForDeploymentPostprocessing = 0;
		};
		DAB8267B2819041600A8AB34 /* Frameworks */ = {
			isa = PBXFrameworksBuildPhase;
			buildActionMask = 2147483647;
			files = (
			);
			runOnlyForDeploymentPostprocessing = 0;
		};
		DAB826852819041600A8AB34 /* Frameworks */ = {
			isa = PBXFrameworksBuildPhase;
			buildActionMask = 2147483647;
			files = (
			);
			runOnlyForDeploymentPostprocessing = 0;
		};
/* End PBXFrameworksBuildPhase section */

/* Begin PBXGroup section */
		DAB8265F2819041100A8AB34 = {
			isa = PBXGroup;
			children = (
				DAB8266A2819041100A8AB34 /* BLETest2 */,
				DAB826812819041600A8AB34 /* BLETest2Tests */,
				DAB8268B2819041600A8AB34 /* BLETest2UITests */,
				DAB826692819041100A8AB34 /* Products */,
			);
			sourceTree = "<group>";
		};
		DAB826692819041100A8AB34 /* Products */ = {
			isa = PBXGroup;
			children = (
				DAB826682819041100A8AB34 /* BLETest2.app */,
				DAB8267E2819041600A8AB34 /* BLETest2Tests.xctest */,
				DAB826882819041600A8AB34 /* BLETest2UITests.xctest */,
			);
			name = Products;
			sourceTree = "<group>";
		};
		DAB8266A2819041100A8AB34 /* BLETest2 */ = {
			isa = PBXGroup;
			children = (
				DAB8266B2819041100A8AB34 /* AppDelegate.swift */,
				DAB8266D2819041100A8AB34 /* SceneDelegate.swift */,
				DAB8266F2819041100A8AB34 /* ViewController.swift */,
				DAB826712819041100A8AB34 /* Main.storyboard */,
				DAB826742819041500A8AB34 /* Assets.xcassets */,
				DAB826762819041500A8AB34 /* LaunchScreen.storyboard */,
				DAB826792819041500A8AB34 /* Info.plist */,
			);
			path = BLETest2;
			sourceTree = "<group>";
		};
		DAB826812819041600A8AB34 /* BLETest2Tests */ = {
			isa = PBXGroup;
			children = (
				DAB826822819041600A8AB34 /* BLETest2Tests.swift */,
			);
			path = BLETest2Tests;
			sourceTree = "<group>";
		};
		DAB8268B2819041600A8AB34 /* BLETest2UITests */ = {
			isa = PBXGroup;
			children = (
				DAB8268C2819041600A8AB34 /* BLETest2UITests.swift */,
				DAB8268E2819041600A8AB34 /* BLETest2UITestsLaunchTests.swift */,
			);
			path = BLETest2UITests;
			sourceTree = "<group>";
		};
/* End PBXGroup section */

/* Begin PBXNativeTarget section */
		DAB826672819041100A8AB34 /* BLETest2 */ = {
			isa = PBXNativeTarget;
			buildConfigurationList = DAB826922819041600A8AB34 /* Build configuration list for PBXNativeTarget "BLETest2" */;
			buildPhases = (
				DAB826642819041100A8AB34 /* Sources */,
				DAB826652819041100A8AB34 /* Frameworks */,
				DAB826662819041100A8AB34 /* Resources */,
			);
			buildRules = (
			);
			dependencies = (
			);
			name = BLETest2;
			productName = BLETest2;
			productReference = DAB826682819041100A8AB34 /* BLETest2.app */;
			productType = "com.apple.product-type.application";
		};
		DAB8267D2819041600A8AB34 /* BLETest2Tests */ = {
			isa = PBXNativeTarget;
			buildConfigurationList = DAB826952819041600A8AB34 /* Build configuration list for PBXNativeTarget "BLETest2Tests" */;
			buildPhases = (
				DAB8267A2819041600A8AB34 /* Sources */,
				DAB8267B2819041600A8AB34 /* Frameworks */,
				DAB8267C2819041600A8AB34 /* Resources */,
			);
			buildRules = (
			);
			dependencies = (
				DAB826802819041600A8AB34 /* PBXTargetDependency */,
			);
			name = BLETest2Tests;
			productName = BLETest2Tests;
			productReference = DAB8267E2819041600A8AB34 /* BLETest2Tests.xctest */;
			productType = "com.apple.product-type.bundle.unit-test";
		};
		DAB826872819041600A8AB34 /* BLETest2UITests */ = {
			isa = PBXNativeTarget;
			buildConfigurationList = DAB826982819041600A8AB34 /* Build configuration list for PBXNativeTarget "BLETest2UITests" */;
			buildPhases = (
				DAB826842819041600A8AB34 /* Sources */,
				DAB826852819041600A8AB34 /* Frameworks */,
				DAB826862819041600A8AB34 /* Resources */,
			);
			buildRules = (
			);
			dependencies = (
				DAB8268A2819041600A8AB34 /* PBXTargetDependency */,
			);
			name = BLETest2UITests;
			productName = BLETest2UITests;
			productReference = DAB826882819041600A8AB34 /* BLETest2UITests.xctest */;
			productType = "com.apple.product-type.bundle.ui-testing";
		};
/* End PBXNativeTarget section */

/* Begin PBXProject section */
		DAB826602819041100A8AB34 /* Project object */ = {
			isa = PBXProject;
			attributes = {
				BuildIndependentTargetsInParallel = 1;
				LastSwiftUpdateCheck = 1330;
				LastUpgradeCheck = 1330;
				TargetAttributes = {
					DAB826672819041100A8AB34 = {
						CreatedOnToolsVersion = 13.3.1;
					};
					DAB8267D2819041600A8AB34 = {
						CreatedOnToolsVersion = 13.3.1;
						TestTargetID = DAB826672819041100A8AB34;
					};
					DAB826872819041600A8AB34 = {
						CreatedOnToolsVersion = 13.3.1;
						TestTargetID = DAB826672819041100A8AB34;
					};
				};
			};
			buildConfigurationList = DAB826632819041100A8AB34 /* Build configuration list for PBXProject "BLETest2" */;
			compatibilityVersion = "Xcode 13.0";
			developmentRegion = en;
			hasScannedForEncodings = 0;
			knownRegions = (
				en,
				Base,
			);
			mainGroup = DAB8265F2819041100A8AB34;
			productRefGroup = DAB826692819041100A8AB34 /* Products */;
			projectDirPath = "";
			projectRoot = "";
			targets = (
				DAB826672819041100A8AB34 /* BLETest2 */,
				DAB8267D2819041600A8AB34 /* BLETest2Tests */,
				DAB826872819041600A8AB34 /* BLETest2UITests */,
			);
		};
/* End PBXProject section */

/* Begin PBXResourcesBuildPhase section */
		DAB826662819041100A8AB34 /* Resources */ = {
			isa = PBXResourcesBuildPhase;
			buildActionMask = 2147483647;
			files = (
				DAB826782819041500A8AB34 /* LaunchScreen.storyboard in Resources */,
				DAB826752819041500A8AB34 /* Assets.xcassets in Resources */,
				DAB826732819041100A8AB34 /* Main.storyboard in Resources */,
			);
			runOnlyForDeploymentPostprocessing = 0;
		};
		DAB8267C2819041600A8AB34 /* Resources */ = {
			isa = PBXResourcesBuildPhase;
			buildActionMask = 2147483647;
			files = (
			);
			runOnlyForDeploymentPostprocessing = 0;
		};
		DAB826862819041600A8AB34 /* Resources */ = {
			isa = PBXResourcesBuildPhase;
			buildActionMask = 2147483647;
			files = (
			);
			runOnlyForDeploymentPostprocessing = 0;
		};
/* End PBXResourcesBuildPhase section */

/* Begin PBXSourcesBuildPhase section */
		DAB826642819041100A8AB34 /* Sources */ = {
			isa = PBXSourcesBuildPhase;
			buildActionMask = 2147483647;
			files = (
				DAB826702819041100A8AB34 /* ViewController.swift in Sources */,
				DAB8266C2819041100A8AB34 /* AppDelegate.swift in Sources */,
				DAB8266E2819041100A8AB34 /* SceneDelegate.swift in Sources */,
			);
			runOnlyForDeploymentPostprocessing = 0;
		};
		DAB8267A2819041600A8AB34 /* Sources */ = {
			isa = PBXSourcesBuildPhase;
			buildActionMask = 2147483647;
			files = (
				DAB826832819041600A8AB34 /* BLETest2Tests.swift in Sources */,
			);
			runOnlyForDeploymentPostprocessing = 0;
		};
		DAB826842819041600A8AB34 /* Sources */ = {
			isa = PBXSourcesBuildPhase;
			buildActionMask = 2147483647;
			files = (
				DAB8268F2819041600A8AB34 /* BLETest2UITestsLaunchTests.swift in Sources */,
				DAB8268D2819041600A8AB34 /* BLETest2UITests.swift in Sources */,
			);
			runOnlyForDeploymentPostprocessing = 0;
		};
/* End PBXSourcesBuildPhase section */

/* Begin PBXTargetDependency section */
		DAB826802819041600A8AB34 /* PBXTargetDependency */ = {
			isa = PBXTargetDependency;
			target = DAB826672819041100A8AB34 /* BLETest2 */;
			targetProxy = DAB8267F2819041600A8AB34 /* PBXContainerItemProxy */;
		};
		DAB8268A2819041600A8AB34 /* PBXTargetDependency */ = {
			isa = PBXTargetDependency;
			target = DAB826672819041100A8AB34 /* BLETest2 */;
			targetProxy = DAB826892819041600A8AB34 /* PBXContainerItemProxy */;
		};
/* End PBXTargetDependency section */

/* Begin PBXVariantGroup section */
		DAB826712819041100A8AB34 /* Main.storyboard */ = {
			isa = PBXVariantGroup;
			children = (
				DAB826722819041100A8AB34 /* Base */,
			);
			name = Main.storyboard;
			sourceTree = "<group>";
		};
		DAB826762819041500A8AB34 /* LaunchScreen.storyboard */ = {
			isa = PBXVariantGroup;
			children = (
				DAB826772819041500A8AB34 /* Base */,
			);
			name = LaunchScreen.storyboard;
			sourceTree = "<group>";
		};
/* End PBXVariantGroup section */

/* Begin XCBuildConfiguration section */
		DAB826902819041600A8AB34 /* Debug */ = {
			isa = XCBuildConfiguration;
			buildSettings = {
				ALWAYS_SEARCH_USER_PATHS = NO;
				CLANG_ANALYZER_NONNULL = YES;
				CLANG_ANALYZER_NUMBER_OBJECT_CONVERSION = YES_AGGRESSIVE;
				CLANG_CXX_LANGUAGE_STANDARD = "gnu++17";
				CLANG_ENABLE_MODULES = YES;
				CLANG_ENABLE_OBJC_ARC = YES;
				CLANG_ENABLE_OBJC_WEAK = YES;
				CLANG_WARN_BLOCK_CAPTURE_AUTORELEASING = YES;
				CLANG_WARN_BOOL_CONVERSION = YES;
				CLANG_WARN_COMMA = YES;
				CLANG_WARN_CONSTANT_CONVERSION = YES;
				CLANG_WARN_DEPRECATED_OBJC_IMPLEMENTATIONS = YES;
				CLANG_WARN_DIRECT_OBJC_ISA_USAGE = YES_ERROR;
				CLANG_WARN_DOCUMENTATION_COMMENTS = YES;
				CLANG_WARN_EMPTY_BODY = YES;
				CLANG_WARN_ENUM_CONVERSION = YES;
				CLANG_WARN_INFINITE_RECURSION = YES;
				CLANG_WARN_INT_CONVERSION = YES;
				CLANG_WARN_NON_LITERAL_NULL_CONVERSION = YES;
				CLANG_WARN_OBJC_IMPLICIT_RETAIN_SELF = YES;
				CLANG_WARN_OBJC_LITERAL_CONVERSION = YES;
				CLANG_WARN_OBJC_ROOT_CLASS = YES_ERROR;
				CLANG_WARN_QUOTED_INCLUDE_IN_FRAMEWORK_HEADER = YES;
				CLANG_WARN_RANGE_LOOP_ANALYSIS = YES;
				CLANG_WARN_STRICT_PROTOTYPES = YES;
				CLANG_WARN_SUSPICIOUS_MOVE = YES;
				CLANG_WARN_UNGUARDED_AVAILABILITY = YES_AGGRESSIVE;
				CLANG_WARN_UNREACHABLE_CODE = YES;
				CLANG_WARN__DUPLICATE_METHOD_MATCH = YES;
				COPY_PHASE_STRIP = NO;
				DEBUG_INFORMATION_FORMAT = dwarf;
				ENABLE_STRICT_OBJC_MSGSEND = YES;
				ENABLE_TESTABILITY = YES;
				GCC_C_LANGUAGE_STANDARD = gnu11;
				GCC_DYNAMIC_NO_PIC = NO;
				GCC_NO_COMMON_BLOCKS = YES;
				GCC_OPTIMIZATION_LEVEL = 0;
				GCC_PREPROCESSOR_DEFINITIONS = (
					"DEBUG=1",
					"$(inherited)",
				);
				GCC_WARN_64_TO_32_BIT_CONVERSION = YES;
				GCC_WARN_ABOUT_RETURN_TYPE = YES_ERROR;
				GCC_WARN_UNDECLARED_SELECTOR = YES;
				GCC_WARN_UNINITIALIZED_AUTOS = YES_AGGRESSIVE;
				GCC_WARN_UNUSED_FUNCTION = YES;
				GCC_WARN_UNUSED_VARIABLE = YES;
				IPHONEOS_DEPLOYMENT_TARGET = 15.4;
				MTL_ENABLE_DEBUG_INFO = INCLUDE_SOURCE;
				MTL_FAST_MATH = YES;
				ONLY_ACTIVE_ARCH = YES;
				SDKROOT = iphoneos;
				SWIFT_ACTIVE_COMPILATION_CONDITIONS = DEBUG;
				SWIFT_OPTIMIZATION_LEVEL = "-Onone";
			};
			name = Debug;
		};
		DAB826912819041600A8AB34 /* Release */ = {
			isa = XCBuildConfiguration;
			buildSettings = {
				ALWAYS_SEARCH_USER_PATHS = NO;
				CLANG_ANALYZER_NONNULL = YES;
				CLANG_ANALYZER_NUMBER_OBJECT_CONVERSION = YES_AGGRESSIVE;
				CLANG_CXX_LANGUAGE_STANDARD = "gnu++17";
				CLANG_ENABLE_MODULES = YES;
				CLANG_ENABLE_OBJC_ARC = YES;
				CLANG_ENABLE_OBJC_WEAK = YES;
				CLANG_WARN_BLOCK_CAPTURE_AUTORELEASING = YES;
				CLANG_WARN_BOOL_CONVERSION = YES;
				CLANG_WARN_COMMA = YES;
				CLANG_WARN_CONSTANT_CONVERSION = YES;
				CLANG_WARN_DEPRECATED_OBJC_IMPLEMENTATIONS = YES;
				CLANG_WARN_DIRECT_OBJC_ISA_USAGE = YES_ERROR;
				CLANG_WARN_DOCUMENTATION_COMMENTS = YES;
				CLANG_WARN_EMPTY_BODY = YES;
				CLANG_WARN_ENUM_CONVERSION = YES;
				CLANG_WARN_INFINITE_RECURSION = YES;
				CLANG_WARN_INT_CONVERSION = YES;
				CLANG_WARN_NON_LITERAL_NULL_CONVERSION = YES;
				CLANG_WARN_OBJC_IMPLICIT_RETAIN_SELF = YES;
				CLANG_WARN_OBJC_LITERAL_CONVERSION = YES;
				CLANG_WARN_OBJC_ROOT_CLASS = YES_ERROR;
				CLANG_WARN_QUOTED_INCLUDE_IN_FRAMEWORK_HEADER = YES;
				CLANG_WARN_RANGE_LOOP_ANALYSIS = YES;
				CLANG_WARN_STRICT_PROTOTYPES = YES;
				CLANG_WARN_SUSPICIOUS_MOVE = YES;
				CLANG_WARN_UNGUARDED_AVAILABILITY = YES_AGGRESSIVE;
				CLANG_WARN_UNREACHABLE_CODE = YES;
				CLANG_WARN__DUPLICATE_METHOD_MATCH = YES;
				COPY_PHASE_STRIP = NO;
				DEBUG_INFORMATION_FORMAT = "dwarf-with-dsym";
				ENABLE_NS_ASSERTIONS = NO;
				ENABLE_STRICT_OBJC_MSGSEND = YES;
				GCC_C_LANGUAGE_STANDARD = gnu11;
				GCC_NO_COMMON_BLOCKS = YES;
				GCC_WARN_64_TO_32_BIT_CONVERSION = YES;
				GCC_WARN_ABOUT_RETURN_TYPE = YES_ERROR;
				GCC_WARN_UNDECLARED_SELECTOR = YES;
				GCC_WARN_UNINITIALIZED_AUTOS = YES_AGGRESSIVE;
				GCC_WARN_UNUSED_FUNCTION = YES;
				GCC_WARN_UNUSED_VARIABLE = YES;
				IPHONEOS_DEPLOYMENT_TARGET = 15.4;
				MTL_ENABLE_DEBUG_INFO = NO;
				MTL_FAST_MATH = YES;
				SDKROOT = iphoneos;
				SWIFT_COMPILATION_MODE = wholemodule;
				SWIFT_OPTIMIZATION_LEVEL = "-O";
				VALIDATE_PRODUCT = YES;
			};
			name = Release;
		};
		DAB826932819041600A8AB34 /* Debug */ = {
			isa = XCBuildConfiguration;
			buildSettings = {
				ASSETCATALOG_COMPILER_APPICON_NAME = AppIcon;
				ASSETCATALOG_COMPILER_GLOBAL_ACCENT_COLOR_NAME = AccentColor;
				CODE_SIGN_STYLE = Automatic;
				CURRENT_PROJECT_VERSION = 1;
				DEVELOPMENT_TEAM = BKN6RTDPNM;
				GENERATE_INFOPLIST_FILE = YES;
				INFOPLIST_FILE = BLETest2/Info.plist;
				INFOPLIST_KEY_NSBluetoothAlwaysUsageDescription = ASK;
				INFOPLIST_KEY_NSBluetoothPeripheralUsageDescription = ASK2;
				INFOPLIST_KEY_UIApplicationSupportsIndirectInputEvents = YES;
				INFOPLIST_KEY_UILaunchStoryboardName = LaunchScreen;
				INFOPLIST_KEY_UIMainStoryboardFile = Main;
				INFOPLIST_KEY_UISupportedInterfaceOrientations_iPad = "UIInterfaceOrientationPortrait UIInterfaceOrientationPortraitUpsideDown UIInterfaceOrientationLandscapeLeft UIInterfaceOrientationLandscapeRight";
				INFOPLIST_KEY_UISupportedInterfaceOrientations_iPhone = "UIInterfaceOrientationPortrait UIInterfaceOrientationLandscapeLeft UIInterfaceOrientationLandscapeRight";
				LD_RUNPATH_SEARCH_PATHS = (
					"$(inherited)",
					"@executable_path/Frameworks",
				);
				MARKETING_VERSION = 1.0;
				PRODUCT_BUNDLE_IDENTIFIER = Roth.BLETest2;
				PRODUCT_NAME = "$(TARGET_NAME)";
				SWIFT_EMIT_LOC_STRINGS = YES;
				SWIFT_VERSION = 5.0;
				TARGETED_DEVICE_FAMILY = "1,2";
			};
			name = Debug;
		};
		DAB826942819041600A8AB34 /* Release */ = {
			isa = XCBuildConfiguration;
			buildSettings = {
				ASSETCATALOG_COMPILER_APPICON_NAME = AppIcon;
				ASSETCATALOG_COMPILER_GLOBAL_ACCENT_COLOR_NAME = AccentColor;
				CODE_SIGN_STYLE = Automatic;
				CURRENT_PROJECT_VERSION = 1;
				DEVELOPMENT_TEAM = BKN6RTDPNM;
				GENERATE_INFOPLIST_FILE = YES;
				INFOPLIST_FILE = BLETest2/Info.plist;
				INFOPLIST_KEY_NSBluetoothAlwaysUsageDescription = ASK;
				INFOPLIST_KEY_NSBluetoothPeripheralUsageDescription = ASK2;
				INFOPLIST_KEY_UIApplicationSupportsIndirectInputEvents = YES;
				INFOPLIST_KEY_UILaunchStoryboardName = LaunchScreen;
				INFOPLIST_KEY_UIMainStoryboardFile = Main;
				INFOPLIST_KEY_UISupportedInterfaceOrientations_iPad = "UIInterfaceOrientationPortrait UIInterfaceOrientationPortraitUpsideDown UIInterfaceOrientationLandscapeLeft UIInterfaceOrientationLandscapeRight";
				INFOPLIST_KEY_UISupportedInterfaceOrientations_iPhone = "UIInterfaceOrientationPortrait UIInterfaceOrientationLandscapeLeft UIInterfaceOrientationLandscapeRight";
				LD_RUNPATH_SEARCH_PATHS = (
					"$(inherited)",
					"@executable_path/Frameworks",
				);
				MARKETING_VERSION = 1.0;
				PRODUCT_BUNDLE_IDENTIFIER = Roth.BLETest2;
				PRODUCT_NAME = "$(TARGET_NAME)";
				SWIFT_EMIT_LOC_STRINGS = YES;
				SWIFT_VERSION = 5.0;
				TARGETED_DEVICE_FAMILY = "1,2";
			};
			name = Release;
		};
		DAB826962819041600A8AB34 /* Debug */ = {
			isa = XCBuildConfiguration;
			buildSettings = {
				ALWAYS_EMBED_SWIFT_STANDARD_LIBRARIES = YES;
				BUNDLE_LOADER = "$(TEST_HOST)";
				CODE_SIGN_STYLE = Automatic;
				CURRENT_PROJECT_VERSION = 1;
				GENERATE_INFOPLIST_FILE = YES;
				IPHONEOS_DEPLOYMENT_TARGET = 15.4;
				MARKETING_VERSION = 1.0;
				PRODUCT_BUNDLE_IDENTIFIER = Roth.BLETest2Tests;
				PRODUCT_NAME = "$(TARGET_NAME)";
				SWIFT_EMIT_LOC_STRINGS = NO;
				SWIFT_VERSION = 5.0;
				TARGETED_DEVICE_FAMILY = "1,2";
				TEST_HOST = "$(BUILT_PRODUCTS_DIR)/BLETest2.app/BLETest2";
			};
			name = Debug;
		};
		DAB826972819041600A8AB34 /* Release */ = {
			isa = XCBuildConfiguration;
			buildSettings = {
				ALWAYS_EMBED_SWIFT_STANDARD_LIBRARIES = YES;
				BUNDLE_LOADER = "$(TEST_HOST)";
				CODE_SIGN_STYLE = Automatic;
				CURRENT_PROJECT_VERSION = 1;
				GENERATE_INFOPLIST_FILE = YES;
				IPHONEOS_DEPLOYMENT_TARGET = 15.4;
				MARKETING_VERSION = 1.0;
				PRODUCT_BUNDLE_IDENTIFIER = Roth.BLETest2Tests;
				PRODUCT_NAME = "$(TARGET_NAME)";
				SWIFT_EMIT_LOC_STRINGS = NO;
				SWIFT_VERSION = 5.0;
				TARGETED_DEVICE_FAMILY = "1,2";
				TEST_HOST = "$(BUILT_PRODUCTS_DIR)/BLETest2.app/BLETest2";
			};
			name = Release;
		};
		DAB826992819041600A8AB34 /* Debug */ = {
			isa = XCBuildConfiguration;
			buildSettings = {
				ALWAYS_EMBED_SWIFT_STANDARD_LIBRARIES = YES;
				CODE_SIGN_STYLE = Automatic;
				CURRENT_PROJECT_VERSION = 1;
				GENERATE_INFOPLIST_FILE = YES;
				MARKETING_VERSION = 1.0;
				PRODUCT_BUNDLE_IDENTIFIER = Roth.BLETest2UITests;
				PRODUCT_NAME = "$(TARGET_NAME)";
				SWIFT_EMIT_LOC_STRINGS = NO;
				SWIFT_VERSION = 5.0;
				TARGETED_DEVICE_FAMILY = "1,2";
				TEST_TARGET_NAME = BLETest2;
			};
			name = Debug;
		};
		DAB8269A2819041600A8AB34 /* Release */ = {
			isa = XCBuildConfiguration;
			buildSettings = {
				ALWAYS_EMBED_SWIFT_STANDARD_LIBRARIES = YES;
				CODE_SIGN_STYLE = Automatic;
				CURRENT_PROJECT_VERSION = 1;
				GENERATE_INFOPLIST_FILE = YES;
				MARKETING_VERSION = 1.0;
				PRODUCT_BUNDLE_IDENTIFIER = Roth.BLETest2UITests;
				PRODUCT_NAME = "$(TARGET_NAME)";
				SWIFT_EMIT_LOC_STRINGS = NO;
				SWIFT_VERSION = 5.0;
				TARGETED_DEVICE_FAMILY = "1,2";
				TEST_TARGET_NAME = BLETest2;
			};
			name = Release;
		};
/* End XCBuildConfiguration section */

/* Begin XCConfigurationList section */
		DAB826632819041100A8AB34 /* Build configuration list for PBXProject "BLETest2" */ = {
			isa = XCConfigurationList;
			buildConfigurations = (
				DAB826902819041600A8AB34 /* Debug */,
				DAB826912819041600A8AB34 /* Release */,
			);
			defaultConfigurationIsVisible = 0;
			defaultConfigurationName = Release;
		};
		DAB826922819041600A8AB34 /* Build configuration list for PBXNativeTarget "BLETest2" */ = {
			isa = XCConfigurationList;
			buildConfigurations = (
				DAB826932819041600A8AB34 /* Debug */,
				DAB826942819041600A8AB34 /* Release */,
			);
			defaultConfigurationIsVisible = 0;
			defaultConfigurationName = Release;
		};
		DAB826952819041600A8AB34 /* Build configuration list for PBXNativeTarget "BLETest2Tests" */ = {
			isa = XCConfigurationList;
			buildConfigurations = (
				DAB826962819041600A8AB34 /* Debug */,
				DAB826972819041600A8AB34 /* Release */,
			);
			defaultConfigurationIsVisible = 0;
			defaultConfigurationName = Release;
		};
		DAB826982819041600A8AB34 /* Build configuration list for PBXNativeTarget "BLETest2UITests" */ = {
			isa = XCConfigurationList;
			buildConfigurations = (
				DAB826992819041600A8AB34 /* Debug */,
				DAB8269A2819041600A8AB34 /* Release */,
			);
			defaultConfigurationIsVisible = 0;
			defaultConfigurationName = Release;
		};
/* End XCConfigurationList section */
	};
	rootObject = DAB826602819041100A8AB34 /* Project object */;
}
